{
  "name": "aws-api",
  "version": "1.0.0",
  "lockfileVersion": 1,
  "requires": true,
  "dependencies": {
    "claudia-api-builder": {
      "version": "4.1.1",
      "resolved": "https://registry.npmjs.org/claudia-api-builder/-/claudia-api-builder-4.1.1.tgz",
      "integrity": "sha512-87/0PODl07Z4celDVvDa47VpNi7w/FlaZzNDeX+aFi9Isg88ZmtWlM0uKmjFmsqrK9OjCm+WHvcp314iGmpT9Q=="
    }
  }
}
